# This file is automatically @generated by Cargo.
# It is not intended for manual editing.
version = 4

[[package]]
name = "cloudtrail-rs"
version = "0.1.0"
dependencies = [
 "cloudtrail-rs-aws",
 "cloudtrail-rs-core",
]

[[package]]
name = "cloudtrail-rs-aws"
version = "0.1.0"
dependencies = [
 "cloudtrail-rs-core",
]

[[package]]
name = "cloudtrail-rs-core"
version = "0.1.0"

[[package]]
name = "cloudtrail-rs-lambda-eventbridge"
version = "0.1.0"
dependencies = [
 "cloudtrail-rs-aws",
 "cloudtrail-rs-core",
]

[[package]]
name = "cloudtrail-rs-lambda-s3"
version = "0.1.0"
dependencies = [
 "cloudtrail-rs-aws",
 "cloudtrail-rs-core",
]

[[package]]
name = "cloudtrail-rs-lambda-sns"
version = "0.1.0"
dependencies = [
 "cloudtrail-rs-aws",
 "cloudtrail-rs-core",
]

[[package]]
name = "cloudtrail-rs-lambda-sqs"
version = "0.1.0"
dependencies = [
 "cloudtrail-rs-aws",
 "cloudtrail-rs-core",
]
